<?xml version="1.0" encoding="utf-8"?>
<Project ToolsVersion="4.0" xmlns="http://schemas.microsoft.com/developer/msbuild/2003">
  <ItemGroup>
    <Filter Include="Main">
      <UniqueIdentifier>{7d786a6b-7f21-4196-ad74-b9b7adc4c433}</UniqueIdentifier>
    </Filter>
    <Filter Include="Board">
      <UniqueIdentifier>{9355d2d3-990d-4af1-b3e2-452584453767}</UniqueIdentifier>
    </Filter>
    <Filter Include="Block">
      <UniqueIdentifier>{19573c20-8082-45e0-a395-c68aee69fa13}</UniqueIdentifier>
    </Filter>
    <Filter Include="GameManager">
      <UniqueIdentifier>{015c9d6b-6422-48db-bf6b-6ec1ed0f43d1}</UniqueIdentifier>
    </Filter>
    <Filter Include="InputManager">
      <UniqueIdentifier>{d7aab765-3287-4b3f-9b03-6d7500233ba8}</UniqueIdentifier>
    </Filter>
    <Filter Include="Tetromino">
      <UniqueIdentifier>{392ef18f-ff54-48fc-9041-ba76ee79b13d}</UniqueIdentifier>
    </Filter>
    <Filter Include="TickTimer">
      <UniqueIdentifier>{9abdf39f-fc1f-4e82-9c6d-3462bb2f4b6f}</UniqueIdentifier>
    </Filter>
    <Filter Include="Util">
      <UniqueIdentifier>{24066145-9473-4535-b19c-bdef19128c95}</UniqueIdentifier>
    </Filter>
  </ItemGroup>
  <ItemGroup>
    <ClCompile Include="main.cpp">
      <Filter>Main</Filter>
    </ClCompile>
    <ClCompile Include="Board.cpp">
      <Filter>Board</Filter>
    </ClCompile>
    <ClCompile Include="Block.cpp">
      <Filter>Block</Filter>
    </ClCompile>
    <ClCompile Include="GameManager.cpp">
      <Filter>GameManager</Filter>
    </ClCompile>
    <ClCompile Include="InputManager.cpp">
      <Filter>InputManager</Filter>
    </ClCompile>
    <ClCompile Include="Tetromino.cpp">
      <Filter>Tetromino</Filter>
    </ClCompile>
    <ClCompile Include="TickTimer.cpp">
      <Filter>TickTimer</Filter>
    </ClCompile>
    <ClCompile Include="Util.cpp">
      <Filter>Util</Filter>
    </ClCompile>
  </ItemGroup>
  <ItemGroup>
    <ClInclude Include="Board.h">
      <Filter>Board</Filter>
    </ClInclude>
    <ClInclude Include="Block.h">
      <Filter>Block</Filter>
    </ClInclude>
    <ClInclude Include="GameManager.h">
      <Filter>GameManager</Filter>
    </ClInclude>
    <ClInclude Include="InputManager.h">
      <Filter>InputManager</Filter>
    </ClInclude>
    <ClInclude Include="Tetromino.h">
      <Filter>Tetromino</Filter>
    </ClInclude>
    <ClInclude Include="TickTimer.h">
      <Filter>TickTimer</Filter>
    </ClInclude>
    <ClInclude Include="Util.h">
      <Filter>Util</Filter>
    </ClInclude>
  </ItemGroup>
</Project>